// !$*UTF8*$!
{
	archiveVersion = 1;
	classes = {
	};
	objectVersion = 56;
	objects = {

/* Begin PBXBuildFile section */
		7861BF0A2C1330FD006EA1A7 /* AppDelegate.swift in Sources */ = {isa = PBXBuildFile; fileRef = 7861BF092C1330FD006EA1A7 /* AppDelegate.swift */; };
		7861BF0C2C1330FD006EA1A7 /* SceneDelegate.swift in Sources */ = {isa = PBXBuildFile; fileRef = 7861BF0B2C1330FD006EA1A7 /* SceneDelegate.swift */; };
		7861BF0E2C1330FD006EA1A7 /* CalculatorVC.swift in Sources */ = {isa = PBXBuildFile; fileRef = 7861BF0D2C1330FD006EA1A7 /* CalculatorVC.swift */; };
		7861BF132C133103006EA1A7 /* Assets.xcassets in Resources */ = {isa = PBXBuildFile; fileRef = 7861BF122C133103006EA1A7 /* Assets.xcassets */; };
		7861BF162C133103006EA1A7 /* Base in Resources */ = {isa = PBXBuildFile; fileRef = 7861BF152C133103006EA1A7 /* Base */; };
		7861BF212C133104006EA1A7 /* tip_calculatorTests.swift in Sources */ = {isa = PBXBuildFile; fileRef = 7861BF202C133104006EA1A7 /* tip_calculatorTests.swift */; };
		7861BF2B2C133104006EA1A7 /* tip_calculatorUITests.swift in Sources */ = {isa = PBXBuildFile; fileRef = 7861BF2A2C133104006EA1A7 /* tip_calculatorUITests.swift */; };
		7861BF2D2C133104006EA1A7 /* tip_calculatorUITestsLaunchTests.swift in Sources */ = {isa = PBXBuildFile; fileRef = 7861BF2C2C133104006EA1A7 /* tip_calculatorUITestsLaunchTests.swift */; };
		7861BF3B2C1331C9006EA1A7 /* CombineCocoa in Frameworks */ = {isa = PBXBuildFile; productRef = 7861BF3A2C1331C9006EA1A7 /* CombineCocoa */; };
		7861BF3E2C133230006EA1A7 /* SnapKit in Frameworks */ = {isa = PBXBuildFile; productRef = 7861BF3D2C133230006EA1A7 /* SnapKit */; };
		7861BF412C133268006EA1A7 /* CombineCocoa in Frameworks */ = {isa = PBXBuildFile; productRef = 7861BF402C133268006EA1A7 /* CombineCocoa */; };
		7861BF442C1332CF006EA1A7 /* SnapshotTesting in Frameworks */ = {isa = PBXBuildFile; productRef = 7861BF432C1332CF006EA1A7 /* SnapshotTesting */; };
		7861BF462C1332F5006EA1A7 /* CombineCocoa in Frameworks */ = {isa = PBXBuildFile; productRef = 7861BF452C1332F5006EA1A7 /* CombineCocoa */; };
		7861BF492C133AE7006EA1A7 /* LogoView.swift in Sources */ = {isa = PBXBuildFile; fileRef = 7861BF482C133AE7006EA1A7 /* LogoView.swift */; };
		7861BF4B2C133C49006EA1A7 /* ResultView.swift in Sources */ = {isa = PBXBuildFile; fileRef = 7861BF4A2C133C49006EA1A7 /* ResultView.swift */; };
		7861BF4D2C133C63006EA1A7 /* BillInputView.swift in Sources */ = {isa = PBXBuildFile; fileRef = 7861BF4C2C133C63006EA1A7 /* BillInputView.swift */; };
		7861BF4F2C133C81006EA1A7 /* TipInputView.swift in Sources */ = {isa = PBXBuildFile; fileRef = 7861BF4E2C133C81006EA1A7 /* TipInputView.swift */; };
		7861BF512C133C99006EA1A7 /* SplitInputView.swift in Sources */ = {isa = PBXBuildFile; fileRef = 7861BF502C133C99006EA1A7 /* SplitInputView.swift */; };
		7861BF542C1354ED006EA1A7 /* ThemeColor.swift in Sources */ = {isa = PBXBuildFile; fileRef = 7861BF532C1354ED006EA1A7 /* ThemeColor.swift */; };
		7861BF562C1354FD006EA1A7 /* ThemeFont.swift in Sources */ = {isa = PBXBuildFile; fileRef = 7861BF552C1354FD006EA1A7 /* ThemeFont.swift */; };
		7861BF592C13555D006EA1A7 /* UIColor+Extension.swift in Sources */ = {isa = PBXBuildFile; fileRef = 7861BF582C13555D006EA1A7 /* UIColor+Extension.swift */; };
		7861BF762C159123006EA1A7 /* LabelFactory.swift in Sources */ = {isa = PBXBuildFile; fileRef = 7861BF752C159123006EA1A7 /* LabelFactory.swift */; };
		7861BF782C15999B006EA1A7 /* UIView+Extension.swift in Sources */ = {isa = PBXBuildFile; fileRef = 7861BF772C15999B006EA1A7 /* UIView+Extension.swift */; };
		7861BF7A2C15A2CA006EA1A7 /* AmountView.swift in Sources */ = {isa = PBXBuildFile; fileRef = 7861BF792C15A2CA006EA1A7 /* AmountView.swift */; };
		7861BF7D2C1600EB006EA1A7 /* Tip.swift in Sources */ = {isa = PBXBuildFile; fileRef = 7861BF7C2C1600EB006EA1A7 /* Tip.swift */; };
		7861BF7F2C160161006EA1A7 /* HeaderView.swift in Sources */ = {isa = PBXBuildFile; fileRef = 7861BF7E2C160161006EA1A7 /* HeaderView.swift */; };
		7861BF822C167162006EA1A7 /* CalculatorVM.swift in Sources */ = {isa = PBXBuildFile; fileRef = 7861BF812C167162006EA1A7 /* CalculatorVM.swift */; };
		7861BF842C16745A006EA1A7 /* Result.swift in Sources */ = {isa = PBXBuildFile; fileRef = 7861BF832C16745A006EA1A7 /* Result.swift */; };
		78E137F02C188F2C00399630 /* String+Extension.swift in Sources */ = {isa = PBXBuildFile; fileRef = 78E137EF2C188F2C00399630 /* String+Extension.swift */; };
		78E137F22C189D7E00399630 /* UIResponder+Extension.swift in Sources */ = {isa = PBXBuildFile; fileRef = 78E137F12C189D7E00399630 /* UIResponder+Extension.swift */; };
		78E137F42C19897C00399630 /* Int+Extension.swift in Sources */ = {isa = PBXBuildFile; fileRef = 78E137F32C19897C00399630 /* Int+Extension.swift */; };
/* End PBXBuildFile section */

/* Begin PBXContainerItemProxy section */
		7861BF1D2C133104006EA1A7 /* PBXContainerItemProxy */ = {
			isa = PBXContainerItemProxy;
			containerPortal = 7861BEFE2C1330FD006EA1A7 /* Project object */;
			proxyType = 1;
			remoteGlobalIDString = 7861BF052C1330FD006EA1A7;
			remoteInfo = "tip-calculator";
		};
		7861BF272C133104006EA1A7 /* PBXContainerItemProxy */ = {
			isa = PBXContainerItemProxy;
			containerPortal = 7861BEFE2C1330FD006EA1A7 /* Project object */;
			proxyType = 1;
			remoteGlobalIDString = 7861BF052C1330FD006EA1A7;
			remoteInfo = "tip-calculator";
		};
/* End PBXContainerItemProxy section */

/* Begin PBXFileReference section */
		7861BF062C1330FD006EA1A7 /* tip-calculator.app */ = {isa = PBXFileReference; explicitFileType = wrapper.application; includeInIndex = 0; path = "tip-calculator.app"; sourceTree = BUILT_PRODUCTS_DIR; };
		7861BF092C1330FD006EA1A7 /* AppDelegate.swift */ = {isa = PBXFileReference; lastKnownFileType = sourcecode.swift; path = AppDelegate.swift; sourceTree = "<group>"; };
		7861BF0B2C1330FD006EA1A7 /* SceneDelegate.swift */ = {isa = PBXFileReference; lastKnownFileType = sourcecode.swift; path = SceneDelegate.swift; sourceTree = "<group>"; };
		7861BF0D2C1330FD006EA1A7 /* CalculatorVC.swift */ = {isa = PBXFileReference; lastKnownFileType = sourcecode.swift; path = CalculatorVC.swift; sourceTree = "<group>"; };
		7861BF122C133103006EA1A7 /* Assets.xcassets */ = {isa = PBXFileReference; lastKnownFileType = folder.assetcatalog; path = Assets.xcassets; sourceTree = "<group>"; };
		7861BF152C133103006EA1A7 /* Base */ = {isa = PBXFileReference; lastKnownFileType = file.storyboard; name = Base; path = Base.lproj/LaunchScreen.storyboard; sourceTree = "<group>"; };
		7861BF172C133103006EA1A7 /* Info.plist */ = {isa = PBXFileReference; lastKnownFileType = text.plist.xml; path = Info.plist; sourceTree = "<group>"; };
		7861BF1C2C133104006EA1A7 /* tip-calculatorTests.xctest */ = {isa = PBXFileReference; explicitFileType = wrapper.cfbundle; includeInIndex = 0; path = "tip-calculatorTests.xctest"; sourceTree = BUILT_PRODUCTS_DIR; };
		7861BF202C133104006EA1A7 /* tip_calculatorTests.swift */ = {isa = PBXFileReference; lastKnownFileType = sourcecode.swift; path = tip_calculatorTests.swift; sourceTree = "<group>"; };
		7861BF262C133104006EA1A7 /* tip-calculatorUITests.xctest */ = {isa = PBXFileReference; explicitFileType = wrapper.cfbundle; includeInIndex = 0; path = "tip-calculatorUITests.xctest"; sourceTree = BUILT_PRODUCTS_DIR; };
		7861BF2A2C133104006EA1A7 /* tip_calculatorUITests.swift */ = {isa = PBXFileReference; lastKnownFileType = sourcecode.swift; path = tip_calculatorUITests.swift; sourceTree = "<group>"; };
		7861BF2C2C133104006EA1A7 /* tip_calculatorUITestsLaunchTests.swift */ = {isa = PBXFileReference; lastKnownFileType = sourcecode.swift; path = tip_calculatorUITestsLaunchTests.swift; sourceTree = "<group>"; };
		7861BF482C133AE7006EA1A7 /* LogoView.swift */ = {isa = PBXFileReference; lastKnownFileType = sourcecode.swift; path = LogoView.swift; sourceTree = "<group>"; };
		7861BF4A2C133C49006EA1A7 /* ResultView.swift */ = {isa = PBXFileReference; lastKnownFileType = sourcecode.swift; path = ResultView.swift; sourceTree = "<group>"; };
		7861BF4C2C133C63006EA1A7 /* BillInputView.swift */ = {isa = PBXFileReference; lastKnownFileType = sourcecode.swift; path = BillInputView.swift; sourceTree = "<group>"; };
		7861BF4E2C133C81006EA1A7 /* TipInputView.swift */ = {isa = PBXFileReference; lastKnownFileType = sourcecode.swift; path = TipInputView.swift; sourceTree = "<group>"; };
		7861BF502C133C99006EA1A7 /* SplitInputView.swift */ = {isa = PBXFileReference; lastKnownFileType = sourcecode.swift; path = SplitInputView.swift; sourceTree = "<group>"; };
		7861BF532C1354ED006EA1A7 /* ThemeColor.swift */ = {isa = PBXFileReference; lastKnownFileType = sourcecode.swift; path = ThemeColor.swift; sourceTree = "<group>"; };
		7861BF552C1354FD006EA1A7 /* ThemeFont.swift */ = {isa = PBXFileReference; lastKnownFileType = sourcecode.swift; path = ThemeFont.swift; sourceTree = "<group>"; };
		7861BF582C13555D006EA1A7 /* UIColor+Extension.swift */ = {isa = PBXFileReference; lastKnownFileType = sourcecode.swift; path = "UIColor+Extension.swift"; sourceTree = "<group>"; };
		7861BF752C159123006EA1A7 /* LabelFactory.swift */ = {isa = PBXFileReference; lastKnownFileType = sourcecode.swift; path = LabelFactory.swift; sourceTree = "<group>"; };
		7861BF772C15999B006EA1A7 /* UIView+Extension.swift */ = {isa = PBXFileReference; lastKnownFileType = sourcecode.swift; path = "UIView+Extension.swift"; sourceTree = "<group>"; };
		7861BF792C15A2CA006EA1A7 /* AmountView.swift */ = {isa = PBXFileReference; lastKnownFileType = sourcecode.swift; path = AmountView.swift; sourceTree = "<group>"; };
		7861BF7C2C1600EB006EA1A7 /* Tip.swift */ = {isa = PBXFileReference; lastKnownFileType = sourcecode.swift; path = Tip.swift; sourceTree = "<group>"; };
		7861BF7E2C160161006EA1A7 /* HeaderView.swift */ = {isa = PBXFileReference; lastKnownFileType = sourcecode.swift; path = HeaderView.swift; sourceTree = "<group>"; };
		7861BF812C167162006EA1A7 /* CalculatorVM.swift */ = {isa = PBXFileReference; lastKnownFileType = sourcecode.swift; path = CalculatorVM.swift; sourceTree = "<group>"; };
		7861BF832C16745A006EA1A7 /* Result.swift */ = {isa = PBXFileReference; lastKnownFileType = sourcecode.swift; path = Result.swift; sourceTree = "<group>"; };
		78E137EF2C188F2C00399630 /* String+Extension.swift */ = {isa = PBXFileReference; lastKnownFileType = sourcecode.swift; path = "String+Extension.swift"; sourceTree = "<group>"; };
		78E137F12C189D7E00399630 /* UIResponder+Extension.swift */ = {isa = PBXFileReference; lastKnownFileType = sourcecode.swift; path = "UIResponder+Extension.swift"; sourceTree = "<group>"; };
		78E137F32C19897C00399630 /* Int+Extension.swift */ = {isa = PBXFileReference; lastKnownFileType = sourcecode.swift; path = "Int+Extension.swift"; sourceTree = "<group>"; };
/* End PBXFileReference section */

/* Begin PBXFrameworksBuildPhase section */
		7861BF032C1330FD006EA1A7 /* Frameworks */ = {
			isa = PBXFrameworksBuildPhase;
			buildActionMask = 2147483647;
			files = (
				7861BF3B2C1331C9006EA1A7 /* CombineCocoa in Frameworks */,
				7861BF3E2C133230006EA1A7 /* SnapKit in Frameworks */,
			);
			runOnlyForDeploymentPostprocessing = 0;
		};
		7861BF192C133104006EA1A7 /* Frameworks */ = {
			isa = PBXFrameworksBuildPhase;
			buildActionMask = 2147483647;
			files = (
				7861BF412C133268006EA1A7 /* CombineCocoa in Frameworks */,
				7861BF442C1332CF006EA1A7 /* SnapshotTesting in Frameworks */,
			);
			runOnlyForDeploymentPostprocessing = 0;
		};
		7861BF232C133104006EA1A7 /* Frameworks */ = {
			isa = PBXFrameworksBuildPhase;
			buildActionMask = 2147483647;
			files = (
				7861BF462C1332F5006EA1A7 /* CombineCocoa in Frameworks */,
			);
			runOnlyForDeploymentPostprocessing = 0;
		};
/* End PBXFrameworksBuildPhase section */

/* Begin PBXGroup section */
		7861BEFD2C1330FD006EA1A7 = {
			isa = PBXGroup;
			children = (
				7861BF082C1330FD006EA1A7 /* tip-calculator */,
				7861BF1F2C133104006EA1A7 /* tip-calculatorTests */,
				7861BF292C133104006EA1A7 /* tip-calculatorUITests */,
				7861BF072C1330FD006EA1A7 /* Products */,
				7861BF3F2C133268006EA1A7 /* Frameworks */,
			);
			sourceTree = "<group>";
		};
		7861BF072C1330FD006EA1A7 /* Products */ = {
			isa = PBXGroup;
			children = (
				7861BF062C1330FD006EA1A7 /* tip-calculator.app */,
				7861BF1C2C133104006EA1A7 /* tip-calculatorTests.xctest */,
				7861BF262C133104006EA1A7 /* tip-calculatorUITests.xctest */,
			);
			name = Products;
			sourceTree = "<group>";
		};
		7861BF082C1330FD006EA1A7 /* tip-calculator */ = {
			isa = PBXGroup;
			children = (
				7861BF802C16713A006EA1A7 /* ViewModel */,
				7861BF7B2C1600D6006EA1A7 /* Model */,
				7861BF742C1590FE006EA1A7 /* Factory */,
				7861BF572C135539006EA1A7 /* Extension */,
				7861BF522C1354D5006EA1A7 /* Config */,
				7861BF472C133ACD006EA1A7 /* View */,
				7861BF092C1330FD006EA1A7 /* AppDelegate.swift */,
				7861BF0B2C1330FD006EA1A7 /* SceneDelegate.swift */,
				7861BF0D2C1330FD006EA1A7 /* CalculatorVC.swift */,
				7861BF122C133103006EA1A7 /* Assets.xcassets */,
				7861BF142C133103006EA1A7 /* LaunchScreen.storyboard */,
				7861BF172C133103006EA1A7 /* Info.plist */,
			);
			path = "tip-calculator";
			sourceTree = "<group>";
		};
		7861BF1F2C133104006EA1A7 /* tip-calculatorTests */ = {
			isa = PBXGroup;
			children = (
				7861BF202C133104006EA1A7 /* tip_calculatorTests.swift */,
			);
			path = "tip-calculatorTests";
			sourceTree = "<group>";
		};
		7861BF292C133104006EA1A7 /* tip-calculatorUITests */ = {
			isa = PBXGroup;
			children = (
				7861BF2A2C133104006EA1A7 /* tip_calculatorUITests.swift */,
				7861BF2C2C133104006EA1A7 /* tip_calculatorUITestsLaunchTests.swift */,
			);
			path = "tip-calculatorUITests";
			sourceTree = "<group>";
		};
		7861BF3F2C133268006EA1A7 /* Frameworks */ = {
			isa = PBXGroup;
			children = (
			);
			name = Frameworks;
			sourceTree = "<group>";
		};
		7861BF472C133ACD006EA1A7 /* View */ = {
			isa = PBXGroup;
			children = (
				7861BF482C133AE7006EA1A7 /* LogoView.swift */,
				7861BF4A2C133C49006EA1A7 /* ResultView.swift */,
				7861BF4C2C133C63006EA1A7 /* BillInputView.swift */,
				7861BF4E2C133C81006EA1A7 /* TipInputView.swift */,
				7861BF502C133C99006EA1A7 /* SplitInputView.swift */,
				7861BF792C15A2CA006EA1A7 /* AmountView.swift */,
				7861BF7E2C160161006EA1A7 /* HeaderView.swift */,
			);
			path = View;
			sourceTree = "<group>";
		};
		7861BF522C1354D5006EA1A7 /* Config */ = {
			isa = PBXGroup;
			children = (
				7861BF532C1354ED006EA1A7 /* ThemeColor.swift */,
				7861BF552C1354FD006EA1A7 /* ThemeFont.swift */,
			);
			path = Config;
			sourceTree = "<group>";
		};
		7861BF572C135539006EA1A7 /* Extension */ = {
			isa = PBXGroup;
			children = (
				7861BF582C13555D006EA1A7 /* UIColor+Extension.swift */,
				7861BF772C15999B006EA1A7 /* UIView+Extension.swift */,
				78E137EF2C188F2C00399630 /* String+Extension.swift */,
				78E137F12C189D7E00399630 /* UIResponder+Extension.swift */,
				78E137F32C19897C00399630 /* Int+Extension.swift */,
			);
			path = Extension;
			sourceTree = "<group>";
		};
		7861BF742C1590FE006EA1A7 /* Factory */ = {
			isa = PBXGroup;
			children = (
				7861BF752C159123006EA1A7 /* LabelFactory.swift */,
			);
			path = Factory;
			sourceTree = "<group>";
		};
		7861BF7B2C1600D6006EA1A7 /* Model */ = {
			isa = PBXGroup;
			children = (
				7861BF7C2C1600EB006EA1A7 /* Tip.swift */,
				7861BF832C16745A006EA1A7 /* Result.swift */,
			);
			path = Model;
			sourceTree = "<group>";
		};
		7861BF802C16713A006EA1A7 /* ViewModel */ = {
			isa = PBXGroup;
			children = (
				7861BF812C167162006EA1A7 /* CalculatorVM.swift */,
			);
			path = ViewModel;
			sourceTree = "<group>";
		};
/* End PBXGroup section */

/* Begin PBXNativeTarget section */
		7861BF052C1330FD006EA1A7 /* tip-calculator */ = {
			isa = PBXNativeTarget;
			buildConfigurationList = 7861BF302C133104006EA1A7 /* Build configuration list for PBXNativeTarget "tip-calculator" */;
			buildPhases = (
				7861BF022C1330FD006EA1A7 /* Sources */,
				7861BF032C1330FD006EA1A7 /* Frameworks */,
				7861BF042C1330FD006EA1A7 /* Resources */,
			);
			buildRules = (
			);
			dependencies = (
			);
			name = "tip-calculator";
			packageProductDependencies = (
				7861BF3A2C1331C9006EA1A7 /* CombineCocoa */,
				7861BF3D2C133230006EA1A7 /* SnapKit */,
			);
			productName = "tip-calculator";
			productReference = 7861BF062C1330FD006EA1A7 /* tip-calculator.app */;
			productType = "com.apple.product-type.application";
		};
		7861BF1B2C133104006EA1A7 /* tip-calculatorTests */ = {
			isa = PBXNativeTarget;
			buildConfigurationList = 7861BF332C133104006EA1A7 /* Build configuration list for PBXNativeTarget "tip-calculatorTests" */;
			buildPhases = (
				7861BF182C133104006EA1A7 /* Sources */,
				7861BF192C133104006EA1A7 /* Frameworks */,
				7861BF1A2C133104006EA1A7 /* Resources */,
			);
			buildRules = (
			);
			dependencies = (
				7861BF1E2C133104006EA1A7 /* PBXTargetDependency */,
			);
			name = "tip-calculatorTests";
			packageProductDependencies = (
				7861BF402C133268006EA1A7 /* CombineCocoa */,
				7861BF432C1332CF006EA1A7 /* SnapshotTesting */,
			);
			productName = "tip-calculatorTests";
			productReference = 7861BF1C2C133104006EA1A7 /* tip-calculatorTests.xctest */;
			productType = "com.apple.product-type.bundle.unit-test";
		};
		7861BF252C133104006EA1A7 /* tip-calculatorUITests */ = {
			isa = PBXNativeTarget;
			buildConfigurationList = 7861BF362C133104006EA1A7 /* Build configuration list for PBXNativeTarget "tip-calculatorUITests" */;
			buildPhases = (
				7861BF222C133104006EA1A7 /* Sources */,
				7861BF232C133104006EA1A7 /* Frameworks */,
				7861BF242C133104006EA1A7 /* Resources */,
			);
			buildRules = (
			);
			dependencies = (
				7861BF282C133104006EA1A7 /* PBXTargetDependency */,
			);
			name = "tip-calculatorUITests";
			packageProductDependencies = (
				7861BF452C1332F5006EA1A7 /* CombineCocoa */,
			);
			productName = "tip-calculatorUITests";
			productReference = 7861BF262C133104006EA1A7 /* tip-calculatorUITests.xctest */;
			productType = "com.apple.product-type.bundle.ui-testing";
		};
/* End PBXNativeTarget section */

/* Begin PBXProject section */
		7861BEFE2C1330FD006EA1A7 /* Project object */ = {
			isa = PBXProject;
			attributes = {
				BuildIndependentTargetsInParallel = 1;
				LastSwiftUpdateCheck = 1530;
				LastUpgradeCheck = 1530;
				TargetAttributes = {
					7861BF052C1330FD006EA1A7 = {
						CreatedOnToolsVersion = 15.3;
					};
					7861BF1B2C133104006EA1A7 = {
						CreatedOnToolsVersion = 15.3;
						TestTargetID = 7861BF052C1330FD006EA1A7;
					};
					7861BF252C133104006EA1A7 = {
						CreatedOnToolsVersion = 15.3;
						TestTargetID = 7861BF052C1330FD006EA1A7;
					};
				};
			};
			buildConfigurationList = 7861BF012C1330FD006EA1A7 /* Build configuration list for PBXProject "tip-calculator" */;
			compatibilityVersion = "Xcode 14.0";
			developmentRegion = en;
			hasScannedForEncodings = 0;
			knownRegions = (
				en,
				Base,
			);
			mainGroup = 7861BEFD2C1330FD006EA1A7;
			packageReferences = (
				7861BF392C1331C9006EA1A7 /* XCRemoteSwiftPackageReference "CombineCocoa" */,
				7861BF3C2C133230006EA1A7 /* XCRemoteSwiftPackageReference "SnapKit" */,
				7861BF422C1332CF006EA1A7 /* XCRemoteSwiftPackageReference "swift-snapshot-testing" */,
			);
			productRefGroup = 7861BF072C1330FD006EA1A7 /* Products */;
			projectDirPath = "";
			projectRoot = "";
			targets = (
				7861BF052C1330FD006EA1A7 /* tip-calculator */,
				7861BF1B2C133104006EA1A7 /* tip-calculatorTests */,
				7861BF252C133104006EA1A7 /* tip-calculatorUITests */,
			);
		};
/* End PBXProject section */

/* Begin PBXResourcesBuildPhase section */
		7861BF042C1330FD006EA1A7 /* Resources */ = {
			isa = PBXResourcesBuildPhase;
			buildActionMask = 2147483647;
			files = (
				7861BF132C133103006EA1A7 /* Assets.xcassets in Resources */,
				7861BF162C133103006EA1A7 /* Base in Resources */,
			);
			runOnlyForDeploymentPostprocessing = 0;
		};
		7861BF1A2C133104006EA1A7 /* Resources */ = {
			isa = PBXResourcesBuildPhase;
			buildActionMask = 2147483647;
			files = (
			);
			runOnlyForDeploymentPostprocessing = 0;
		};
		7861BF242C133104006EA1A7 /* Resources */ = {
			isa = PBXResourcesBuildPhase;
			buildActionMask = 2147483647;
			files = (
			);
			runOnlyForDeploymentPostprocessing = 0;
		};
/* End PBXResourcesBuildPhase section */

/* Begin PBXSourcesBuildPhase section */
		7861BF022C1330FD006EA1A7 /* Sources */ = {
			isa = PBXSourcesBuildPhase;
			buildActionMask = 2147483647;
			files = (
				7861BF842C16745A006EA1A7 /* Result.swift in Sources */,
				7861BF822C167162006EA1A7 /* CalculatorVM.swift in Sources */,
				78E137F22C189D7E00399630 /* UIResponder+Extension.swift in Sources */,
				78E137F42C19897C00399630 /* Int+Extension.swift in Sources */,
				7861BF7A2C15A2CA006EA1A7 /* AmountView.swift in Sources */,
				78E137F02C188F2C00399630 /* String+Extension.swift in Sources */,
				7861BF0E2C1330FD006EA1A7 /* CalculatorVC.swift in Sources */,
				7861BF782C15999B006EA1A7 /* UIView+Extension.swift in Sources */,
				7861BF492C133AE7006EA1A7 /* LogoView.swift in Sources */,
				7861BF542C1354ED006EA1A7 /* ThemeColor.swift in Sources */,
				7861BF592C13555D006EA1A7 /* UIColor+Extension.swift in Sources */,
				7861BF4D2C133C63006EA1A7 /* BillInputView.swift in Sources */,
				7861BF4B2C133C49006EA1A7 /* ResultView.swift in Sources */,
				7861BF0A2C1330FD006EA1A7 /* AppDelegate.swift in Sources */,
				7861BF562C1354FD006EA1A7 /* ThemeFont.swift in Sources */,
				7861BF0C2C1330FD006EA1A7 /* SceneDelegate.swift in Sources */,
				7861BF762C159123006EA1A7 /* LabelFactory.swift in Sources */,
				7861BF7D2C1600EB006EA1A7 /* Tip.swift in Sources */,
				7861BF512C133C99006EA1A7 /* SplitInputView.swift in Sources */,
				7861BF4F2C133C81006EA1A7 /* TipInputView.swift in Sources */,
				7861BF7F2C160161006EA1A7 /* HeaderView.swift in Sources */,
			);
			runOnlyForDeploymentPostprocessing = 0;
		};
		7861BF182C133104006EA1A7 /* Sources */ = {
			isa = PBXSourcesBuildPhase;
			buildActionMask = 2147483647;
			files = (
				7861BF212C133104006EA1A7 /* tip_calculatorTests.swift in Sources */,
			);
			runOnlyForDeploymentPostprocessing = 0;
		};
		7861BF222C133104006EA1A7 /* Sources */ = {
			isa = PBXSourcesBuildPhase;
			buildActionMask = 2147483647;
			files = (
				7861BF2D2C133104006EA1A7 /* tip_calculatorUITestsLaunchTests.swift in Sources */,
				7861BF2B2C133104006EA1A7 /* tip_calculatorUITests.swift in Sources */,
			);
			runOnlyForDeploymentPostprocessing = 0;
		};
/* End PBXSourcesBuildPhase section */

/* Begin PBXTargetDependency section */
		7861BF1E2C133104006EA1A7 /* PBXTargetDependency */ = {
			isa = PBXTargetDependency;
			target = 7861BF052C1330FD006EA1A7 /* tip-calculator */;
			targetProxy = 7861BF1D2C133104006EA1A7 /* PBXContainerItemProxy */;
		};
		7861BF282C133104006EA1A7 /* PBXTargetDependency */ = {
			isa = PBXTargetDependency;
			target = 7861BF052C1330FD006EA1A7 /* tip-calculator */;
			targetProxy = 7861BF272C133104006EA1A7 /* PBXContainerItemProxy */;
		};
/* End PBXTargetDependency section */

/* Begin PBXVariantGroup section */
		7861BF142C133103006EA1A7 /* LaunchScreen.storyboard */ = {
			isa = PBXVariantGroup;
			children = (
				7861BF152C133103006EA1A7 /* Base */,
			);
			name = LaunchScreen.storyboard;
			sourceTree = "<group>";
		};
/* End PBXVariantGroup section */

/* Begin XCBuildConfiguration section */
		7861BF2E2C133104006EA1A7 /* Debug */ = {
			isa = XCBuildConfiguration;
			buildSettings = {
				ALWAYS_SEARCH_USER_PATHS = NO;
				ASSETCATALOG_COMPILER_GENERATE_SWIFT_ASSET_SYMBOL_EXTENSIONS = YES;
				CLANG_ANALYZER_NONNULL = YES;
				CLANG_ANALYZER_NUMBER_OBJECT_CONVERSION = YES_AGGRESSIVE;
				CLANG_CXX_LANGUAGE_STANDARD = "gnu++20";
				CLANG_ENABLE_MODULES = YES;
				CLANG_ENABLE_OBJC_ARC = YES;
				CLANG_ENABLE_OBJC_WEAK = YES;
				CLANG_WARN_BLOCK_CAPTURE_AUTORELEASING = YES;
				CLANG_WARN_BOOL_CONVERSION = YES;
				CLANG_WARN_COMMA = YES;
				CLANG_WARN_CONSTANT_CONVERSION = YES;
				CLANG_WARN_DEPRECATED_OBJC_IMPLEMENTATIONS = YES;
				CLANG_WARN_DIRECT_OBJC_ISA_USAGE = YES_ERROR;
				CLANG_WARN_DOCUMENTATION_COMMENTS = YES;
				CLANG_WARN_EMPTY_BODY = YES;
				CLANG_WARN_ENUM_CONVERSION = YES;
				CLANG_WARN_INFINITE_RECURSION = YES;
				CLANG_WARN_INT_CONVERSION = YES;
				CLANG_WARN_NON_LITERAL_NULL_CONVERSION = YES;
				CLANG_WARN_OBJC_IMPLICIT_RETAIN_SELF = YES;
				CLANG_WARN_OBJC_LITERAL_CONVERSION = YES;
				CLANG_WARN_OBJC_ROOT_CLASS = YES_ERROR;
				CLANG_WARN_QUOTED_INCLUDE_IN_FRAMEWORK_HEADER = YES;
				CLANG_WARN_RANGE_LOOP_ANALYSIS = YES;
				CLANG_WARN_STRICT_PROTOTYPES = YES;
				CLANG_WARN_SUSPICIOUS_MOVE = YES;
				CLANG_WARN_UNGUARDED_AVAILABILITY = YES_AGGRESSIVE;
				CLANG_WARN_UNREACHABLE_CODE = YES;
				CLANG_WARN__DUPLICATE_METHOD_MATCH = YES;
				COPY_PHASE_STRIP = NO;
				DEBUG_INFORMATION_FORMAT = dwarf;
				ENABLE_STRICT_OBJC_MSGSEND = YES;
				ENABLE_TESTABILITY = YES;
				ENABLE_USER_SCRIPT_SANDBOXING = YES;
				GCC_C_LANGUAGE_STANDARD = gnu17;
				GCC_DYNAMIC_NO_PIC = NO;
				GCC_NO_COMMON_BLOCKS = YES;
				GCC_OPTIMIZATION_LEVEL = 0;
				GCC_PREPROCESSOR_DEFINITIONS = (
					"DEBUG=1",
					"$(inherited)",
				);
				GCC_WARN_64_TO_32_BIT_CONVERSION = YES;
				GCC_WARN_ABOUT_RETURN_TYPE = YES_ERROR;
				GCC_WARN_UNDECLARED_SELECTOR = YES;
				GCC_WARN_UNINITIALIZED_AUTOS = YES_AGGRESSIVE;
				GCC_WARN_UNUSED_FUNCTION = YES;
				GCC_WARN_UNUSED_VARIABLE = YES;
				IPHONEOS_DEPLOYMENT_TARGET = 17.4;
				LOCALIZATION_PREFERS_STRING_CATALOGS = YES;
				MTL_ENABLE_DEBUG_INFO = INCLUDE_SOURCE;
				MTL_FAST_MATH = YES;
				ONLY_ACTIVE_ARCH = YES;
				SDKROOT = iphoneos;
				SWIFT_ACTIVE_COMPILATION_CONDITIONS = "DEBUG $(inherited)";
				SWIFT_OPTIMIZATION_LEVEL = "-Onone";
			};
			name = Debug;
		};
		7861BF2F2C133104006EA1A7 /* Release */ = {
			isa = XCBuildConfiguration;
			buildSettings = {
				ALWAYS_SEARCH_USER_PATHS = NO;
				ASSETCATALOG_COMPILER_GENERATE_SWIFT_ASSET_SYMBOL_EXTENSIONS = YES;
				CLANG_ANALYZER_NONNULL = YES;
				CLANG_ANALYZER_NUMBER_OBJECT_CONVERSION = YES_AGGRESSIVE;
				CLANG_CXX_LANGUAGE_STANDARD = "gnu++20";
				CLANG_ENABLE_MODULES = YES;
				CLANG_ENABLE_OBJC_ARC = YES;
				CLANG_ENABLE_OBJC_WEAK = YES;
				CLANG_WARN_BLOCK_CAPTURE_AUTORELEASING = YES;
				CLANG_WARN_BOOL_CONVERSION = YES;
				CLANG_WARN_COMMA = YES;
				CLANG_WARN_CONSTANT_CONVERSION = YES;
				CLANG_WARN_DEPRECATED_OBJC_IMPLEMENTATIONS = YES;
				CLANG_WARN_DIRECT_OBJC_ISA_USAGE = YES_ERROR;
				CLANG_WARN_DOCUMENTATION_COMMENTS = YES;
				CLANG_WARN_EMPTY_BODY = YES;
				CLANG_WARN_ENUM_CONVERSION = YES;
				CLANG_WARN_INFINITE_RECURSION = YES;
				CLANG_WARN_INT_CONVERSION = YES;
				CLANG_WARN_NON_LITERAL_NULL_CONVERSION = YES;
				CLANG_WARN_OBJC_IMPLICIT_RETAIN_SELF = YES;
				CLANG_WARN_OBJC_LITERAL_CONVERSION = YES;
				CLANG_WARN_OBJC_ROOT_CLASS = YES_ERROR;
				CLANG_WARN_QUOTED_INCLUDE_IN_FRAMEWORK_HEADER = YES;
				CLANG_WARN_RANGE_LOOP_ANALYSIS = YES;
				CLANG_WARN_STRICT_PROTOTYPES = YES;
				CLANG_WARN_SUSPICIOUS_MOVE = YES;
				CLANG_WARN_UNGUARDED_AVAILABILITY = YES_AGGRESSIVE;
				CLANG_WARN_UNREACHABLE_CODE = YES;
				CLANG_WARN__DUPLICATE_METHOD_MATCH = YES;
				COPY_PHASE_STRIP = NO;
				DEBUG_INFORMATION_FORMAT = "dwarf-with-dsym";
				ENABLE_NS_ASSERTIONS = NO;
				ENABLE_STRICT_OBJC_MSGSEND = YES;
				ENABLE_USER_SCRIPT_SANDBOXING = YES;
				GCC_C_LANGUAGE_STANDARD = gnu17;
				GCC_NO_COMMON_BLOCKS = YES;
				GCC_WARN_64_TO_32_BIT_CONVERSION = YES;
				GCC_WARN_ABOUT_RETURN_TYPE = YES_ERROR;
				GCC_WARN_UNDECLARED_SELECTOR = YES;
				GCC_WARN_UNINITIALIZED_AUTOS = YES_AGGRESSIVE;
				GCC_WARN_UNUSED_FUNCTION = YES;
				GCC_WARN_UNUSED_VARIABLE = YES;
				IPHONEOS_DEPLOYMENT_TARGET = 17.4;
				LOCALIZATION_PREFERS_STRING_CATALOGS = YES;
				MTL_ENABLE_DEBUG_INFO = NO;
				MTL_FAST_MATH = YES;
				SDKROOT = iphoneos;
				SWIFT_COMPILATION_MODE = wholemodule;
				VALIDATE_PRODUCT = YES;
			};
			name = Release;
		};
		7861BF312C133104006EA1A7 /* Debug */ = {
			isa = XCBuildConfiguration;
			buildSettings = {
				ASSETCATALOG_COMPILER_APPICON_NAME = AppIcon;
				ASSETCATALOG_COMPILER_GLOBAL_ACCENT_COLOR_NAME = AccentColor;
				CODE_SIGN_STYLE = Automatic;
				CURRENT_PROJECT_VERSION = 1;
				DEVELOPMENT_TEAM = NY2YF9QVXX;
				GENERATE_INFOPLIST_FILE = YES;
				INFOPLIST_FILE = "tip-calculator/Info.plist";
				INFOPLIST_KEY_UIApplicationSupportsIndirectInputEvents = YES;
				INFOPLIST_KEY_UILaunchStoryboardName = LaunchScreen;
				INFOPLIST_KEY_UISupportedInterfaceOrientations_iPad = "UIInterfaceOrientationPortrait UIInterfaceOrientationPortraitUpsideDown UIInterfaceOrientationLandscapeLeft UIInterfaceOrientationLandscapeRight";
				INFOPLIST_KEY_UISupportedInterfaceOrientations_iPhone = "UIInterfaceOrientationPortrait UIInterfaceOrientationLandscapeLeft UIInterfaceOrientationLandscapeRight";
				LD_RUNPATH_SEARCH_PATHS = (
					"$(inherited)",
					"@executable_path/Frameworks",
				);
				MARKETING_VERSION = 1.0;
				PRODUCT_BUNDLE_IDENTIFIER = "io.github.hoon94.tip-calculator";
				PRODUCT_NAME = "$(TARGET_NAME)";
				SWIFT_EMIT_LOC_STRINGS = YES;
				SWIFT_VERSION = 5.0;
				TARGETED_DEVICE_FAMILY = "1,2";
			};
			name = Debug;
		};
		7861BF322C133104006EA1A7 /* Release */ = {
			isa = XCBuildConfiguration;
			buildSettings = {
				ASSETCATALOG_COMPILER_APPICON_NAME = AppIcon;
				ASSETCATALOG_COMPILER_GLOBAL_ACCENT_COLOR_NAME = AccentColor;
				CODE_SIGN_STYLE = Automatic;
				CURRENT_PROJECT_VERSION = 1;
				DEVELOPMENT_TEAM = NY2YF9QVXX;
				GENERATE_INFOPLIST_FILE = YES;
				INFOPLIST_FILE = "tip-calculator/Info.plist";
				INFOPLIST_KEY_UIApplicationSupportsIndirectInputEvents = YES;
				INFOPLIST_KEY_UILaunchStoryboardName = LaunchScreen;
				INFOPLIST_KEY_UISupportedInterfaceOrientations_iPad = "UIInterfaceOrientationPortrait UIInterfaceOrientationPortraitUpsideDown UIInterfaceOrientationLandscapeLeft UIInterfaceOrientationLandscapeRight";
				INFOPLIST_KEY_UISupportedInterfaceOrientations_iPhone = "UIInterfaceOrientationPortrait UIInterfaceOrientationLandscapeLeft UIInterfaceOrientationLandscapeRight";
				LD_RUNPATH_SEARCH_PATHS = (
					"$(inherited)",
					"@executable_path/Frameworks",
				);
				MARKETING_VERSION = 1.0;
				PRODUCT_BUNDLE_IDENTIFIER = "io.github.hoon94.tip-calculator";
				PRODUCT_NAME = "$(TARGET_NAME)";
				SWIFT_EMIT_LOC_STRINGS = YES;
				SWIFT_VERSION = 5.0;
				TARGETED_DEVICE_FAMILY = "1,2";
			};
			name = Release;
		};
		7861BF342C133104006EA1A7 /* Debug */ = {
			isa = XCBuildConfiguration;
			buildSettings = {
				ALWAYS_EMBED_SWIFT_STANDARD_LIBRARIES = YES;
				BUNDLE_LOADER = "$(TEST_HOST)";
				CODE_SIGN_STYLE = Automatic;
				CURRENT_PROJECT_VERSION = 1;
				DEVELOPMENT_TEAM = NY2YF9QVXX;
				GENERATE_INFOPLIST_FILE = YES;
				IPHONEOS_DEPLOYMENT_TARGET = 17.4;
				MARKETING_VERSION = 1.0;
				PRODUCT_BUNDLE_IDENTIFIER = "io.github.hoon94.tip-calculatorTests";
				PRODUCT_NAME = "$(TARGET_NAME)";
				SWIFT_EMIT_LOC_STRINGS = NO;
				SWIFT_VERSION = 5.0;
				TARGETED_DEVICE_FAMILY = "1,2";
				TEST_HOST = "$(BUILT_PRODUCTS_DIR)/tip-calculator.app/$(BUNDLE_EXECUTABLE_FOLDER_PATH)/tip-calculator";
			};
			name = Debug;
		};
		7861BF352C133104006EA1A7 /* Release */ = {
			isa = XCBuildConfiguration;
			buildSettings = {
				ALWAYS_EMBED_SWIFT_STANDARD_LIBRARIES = YES;
				BUNDLE_LOADER = "$(TEST_HOST)";
				CODE_SIGN_STYLE = Automatic;
				CURRENT_PROJECT_VERSION = 1;
				DEVELOPMENT_TEAM = NY2YF9QVXX;
				GENERATE_INFOPLIST_FILE = YES;
				IPHONEOS_DEPLOYMENT_TARGET = 17.4;
				MARKETING_VERSION = 1.0;
				PRODUCT_BUNDLE_IDENTIFIER = "io.github.hoon94.tip-calculatorTests";
				PRODUCT_NAME = "$(TARGET_NAME)";
				SWIFT_EMIT_LOC_STRINGS = NO;
				SWIFT_VERSION = 5.0;
				TARGETED_DEVICE_FAMILY = "1,2";
				TEST_HOST = "$(BUILT_PRODUCTS_DIR)/tip-calculator.app/$(BUNDLE_EXECUTABLE_FOLDER_PATH)/tip-calculator";
			};
			name = Release;
		};
		7861BF372C133104006EA1A7 /* Debug */ = {
			isa = XCBuildConfiguration;
			buildSettings = {
				ALWAYS_EMBED_SWIFT_STANDARD_LIBRARIES = YES;
				CODE_SIGN_STYLE = Automatic;
				CURRENT_PROJECT_VERSION = 1;
				DEVELOPMENT_TEAM = NY2YF9QVXX;
				GENERATE_INFOPLIST_FILE = YES;
				MARKETING_VERSION = 1.0;
				PRODUCT_BUNDLE_IDENTIFIER = "io.github.hoon94.tip-calculatorUITests";
				PRODUCT_NAME = "$(TARGET_NAME)";
				SWIFT_EMIT_LOC_STRINGS = NO;
				SWIFT_VERSION = 5.0;
				TARGETED_DEVICE_FAMILY = "1,2";
				TEST_TARGET_NAME = "tip-calculator";
			};
			name = Debug;
		};
		7861BF382C133104006EA1A7 /* Release */ = {
			isa = XCBuildConfiguration;
			buildSettings = {
				ALWAYS_EMBED_SWIFT_STANDARD_LIBRARIES = YES;
				CODE_SIGN_STYLE = Automatic;
				CURRENT_PROJECT_VERSION = 1;
				DEVELOPMENT_TEAM = NY2YF9QVXX;
				GENERATE_INFOPLIST_FILE = YES;
				MARKETING_VERSION = 1.0;
				PRODUCT_BUNDLE_IDENTIFIER = "io.github.hoon94.tip-calculatorUITests";
				PRODUCT_NAME = "$(TARGET_NAME)";
				SWIFT_EMIT_LOC_STRINGS = NO;
				SWIFT_VERSION = 5.0;
				TARGETED_DEVICE_FAMILY = "1,2";
				TEST_TARGET_NAME = "tip-calculator";
			};
			name = Release;
		};
/* End XCBuildConfiguration section */

/* Begin XCConfigurationList section */
		7861BF012C1330FD006EA1A7 /* Build configuration list for PBXProject "tip-calculator" */ = {
			isa = XCConfigurationList;
			buildConfigurations = (
				7861BF2E2C133104006EA1A7 /* Debug */,
				7861BF2F2C133104006EA1A7 /* Release */,
			);
			defaultConfigurationIsVisible = 0;
			defaultConfigurationName = Release;
		};
		7861BF302C133104006EA1A7 /* Build configuration list for PBXNativeTarget "tip-calculator" */ = {
			isa = XCConfigurationList;
			buildConfigurations = (
				7861BF312C133104006EA1A7 /* Debug */,
				7861BF322C133104006EA1A7 /* Release */,
			);
			defaultConfigurationIsVisible = 0;
			defaultConfigurationName = Release;
		};
		7861BF332C133104006EA1A7 /* Build configuration list for PBXNativeTarget "tip-calculatorTests" */ = {
			isa = XCConfigurationList;
			buildConfigurations = (
				7861BF342C133104006EA1A7 /* Debug */,
				7861BF352C133104006EA1A7 /* Release */,
			);
			defaultConfigurationIsVisible = 0;
			defaultConfigurationName = Release;
		};
		7861BF362C133104006EA1A7 /* Build configuration list for PBXNativeTarget "tip-calculatorUITests" */ = {
			isa = XCConfigurationList;
			buildConfigurations = (
				7861BF372C133104006EA1A7 /* Debug */,
				7861BF382C133104006EA1A7 /* Release */,
			);
			defaultConfigurationIsVisible = 0;
			defaultConfigurationName = Release;
		};
/* End XCConfigurationList section */

/* Begin XCRemoteSwiftPackageReference section */
		7861BF392C1331C9006EA1A7 /* XCRemoteSwiftPackageReference "CombineCocoa" */ = {
			isa = XCRemoteSwiftPackageReference;
			repositoryURL = "https://github.com/CombineCommunity/CombineCocoa";
			requirement = {
				kind = upToNextMinorVersion;
				minimumVersion = 0.4.1;
			};
		};
		7861BF3C2C133230006EA1A7 /* XCRemoteSwiftPackageReference "SnapKit" */ = {
			isa = XCRemoteSwiftPackageReference;
			repositoryURL = "https://github.com/SnapKit/SnapKit.git";
			requirement = {
				kind = upToNextMinorVersion;
				minimumVersion = 5.7.1;
			};
		};
		7861BF422C1332CF006EA1A7 /* XCRemoteSwiftPackageReference "swift-snapshot-testing" */ = {
			isa = XCRemoteSwiftPackageReference;
			repositoryURL = "https://github.com/pointfreeco/swift-snapshot-testing";
			requirement = {
				kind = upToNextMinorVersion;
				minimumVersion = 1.16.0;
			};
		};
/* End XCRemoteSwiftPackageReference section */

/* Begin XCSwiftPackageProductDependency section */
		7861BF3A2C1331C9006EA1A7 /* CombineCocoa */ = {
			isa = XCSwiftPackageProductDependency;
			package = 7861BF392C1331C9006EA1A7 /* XCRemoteSwiftPackageReference "CombineCocoa" */;
			productName = CombineCocoa;
		};
		7861BF3D2C133230006EA1A7 /* SnapKit */ = {
			isa = XCSwiftPackageProductDependency;
			package = 7861BF3C2C133230006EA1A7 /* XCRemoteSwiftPackageReference "SnapKit" */;
			productName = SnapKit;
		};
		7861BF402C133268006EA1A7 /* CombineCocoa */ = {
			isa = XCSwiftPackageProductDependency;
			package = 7861BF392C1331C9006EA1A7 /* XCRemoteSwiftPackageReference "CombineCocoa" */;
			productName = CombineCocoa;
		};
		7861BF432C1332CF006EA1A7 /* SnapshotTesting */ = {
			isa = XCSwiftPackageProductDependency;
			package = 7861BF422C1332CF006EA1A7 /* XCRemoteSwiftPackageReference "swift-snapshot-testing" */;
			productName = SnapshotTesting;
		};
		7861BF452C1332F5006EA1A7 /* CombineCocoa */ = {
			isa = XCSwiftPackageProductDependency;
			package = 7861BF392C1331C9006EA1A7 /* XCRemoteSwiftPackageReference "CombineCocoa" */;
			productName = CombineCocoa;
		};
/* End XCSwiftPackageProductDependency section */
	};
	rootObject = 7861BEFE2C1330FD006EA1A7 /* Project object */;
}
